
Microsoft Visual Studio Solution File, Format Version 12.00
# Visual Studio Version 16
VisualStudioVersion = 16.0.32126.315
MinimumVisualStudioVersion = 10.0.40219.1
Project("{FAE04EC0-301F-11D3-BF4B-00C04F79EFBC}") = "10.03.22", "10.03.22\10.03.22.csproj", "{DCA7089B-3A67-434F-B8EC-B963D2A8CCAC}"
EndProject
Global
	GlobalSection(SolutionConfigurationPlatforms) = preSolution
		Debug|Any CPU = Debug|Any CPU
		Release|Any CPU = Release|Any CPU
	EndGlobalSection
	GlobalSection(ProjectConfigurationPlatforms) = postSolution
		{DCA7089B-3A67-434F-B8EC-B963D2A8CCAC}.Debug|Any CPU.ActiveCfg = Debug|Any CPU
		{DCA7089B-3A67-434F-B8EC-B963D2A8CCAC}.Debug|Any CPU.Build.0 = Debug|Any CPU
		{DCA7089B-3A67-434F-B8EC-B963D2A8CCAC}.Release|Any CPU.ActiveCfg = Release|Any CPU
		{DCA7089B-3A67-434F-B8EC-B963D2A8CCAC}.Release|Any CPU.Build.0 = Release|Any CPU
	EndGlobalSection
	GlobalSection(SolutionProperties) = preSolution
		HideSolutionNode = FALSE
	EndGlobalSection
	GlobalSection(ExtensibilityGlobals) = postSolution
		SolutionGuid = {14881907-9CA0-44AD-B388-E183F2B59AAD}
	EndGlobalSection
EndGlobal
