
Microsoft Visual Studio Solution File, Format Version 12.00
# Visual Studio Version 16
VisualStudioVersion = 16.0.32126.315
MinimumVisualStudioVersion = 10.0.40219.1
Project("{FAE04EC0-301F-11D3-BF4B-00C04F79EFBC}") = "some console game", "some console game\some console game.csproj", "{54CE93A0-2BFF-4BE9-866A-28CE5EFEFD7C}"
EndProject
Global
	GlobalSection(SolutionConfigurationPlatforms) = preSolution
		Debug|Any CPU = Debug|Any CPU
		Release|Any CPU = Release|Any CPU
	EndGlobalSection
	GlobalSection(ProjectConfigurationPlatforms) = postSolution
		{54CE93A0-2BFF-4BE9-866A-28CE5EFEFD7C}.Debug|Any CPU.ActiveCfg = Debug|Any CPU
		{54CE93A0-2BFF-4BE9-866A-28CE5EFEFD7C}.Debug|Any CPU.Build.0 = Debug|Any CPU
		{54CE93A0-2BFF-4BE9-866A-28CE5EFEFD7C}.Release|Any CPU.ActiveCfg = Release|Any CPU
		{54CE93A0-2BFF-4BE9-866A-28CE5EFEFD7C}.Release|Any CPU.Build.0 = Release|Any CPU
	EndGlobalSection
	GlobalSection(SolutionProperties) = preSolution
		HideSolutionNode = FALSE
	EndGlobalSection
	GlobalSection(ExtensibilityGlobals) = postSolution
		SolutionGuid = {EF592DFC-3E3B-4445-945C-9EF3477D6356}
	EndGlobalSection
EndGlobal
